
Microsoft Visual Studio Solution File, Format Version 12.00
# Visual Studio Version 16
VisualStudioVersion = 16.0.30114.105
MinimumVisualStudioVersion = 10.0.40219.1
Project("{FAE04EC0-301F-11D3-BF4B-00C04F79EFBC}") = "Wis", "WIS\Wis.csproj", "{8AEAFE45-B760-4548-B366-755816F7057C}"
EndProject
Project("{FAE04EC0-301F-11D3-BF4B-00C04F79EFBC}") = "Sample", "Sample\Sample.csproj", "{0B382A10-1F87-49F9-8BE3-E80D949B798A}"
EndProject
Global
	GlobalSection(SolutionConfigurationPlatforms) = preSolution
		Debug|Any CPU = Debug|Any CPU
		Debug|x64 = Debug|x64
		Debug|x86 = Debug|x86
		Release|Any CPU = Release|Any CPU
		Release|x64 = Release|x64
		Release|x86 = Release|x86
	EndGlobalSection
	GlobalSection(SolutionProperties) = preSolution
		HideSolutionNode = FALSE
	EndGlobalSection
	GlobalSection(ProjectConfigurationPlatforms) = postSolution
		{8AEAFE45-B760-4548-B366-755816F7057C}.Debug|Any CPU.ActiveCfg = Debug|Any CPU
		{8AEAFE45-B760-4548-B366-755816F7057C}.Debug|Any CPU.Build.0 = Debug|Any CPU
		{8AEAFE45-B760-4548-B366-755816F7057C}.Debug|x64.ActiveCfg = Debug|Any CPU
		{8AEAFE45-B760-4548-B366-755816F7057C}.Debug|x64.Build.0 = Debug|Any CPU
		{8AEAFE45-B760-4548-B366-755816F7057C}.Debug|x86.ActiveCfg = Debug|Any CPU
		{8AEAFE45-B760-4548-B366-755816F7057C}.Debug|x86.Build.0 = Debug|Any CPU
		{8AEAFE45-B760-4548-B366-755816F7057C}.Release|Any CPU.ActiveCfg = Release|Any CPU
		{8AEAFE45-B760-4548-B366-755816F7057C}.Release|Any CPU.Build.0 = Release|Any CPU
		{8AEAFE45-B760-4548-B366-755816F7057C}.Release|x64.ActiveCfg = Release|Any CPU
		{8AEAFE45-B760-4548-B366-755816F7057C}.Release|x64.Build.0 = Release|Any CPU
		{8AEAFE45-B760-4548-B366-755816F7057C}.Release|x86.ActiveCfg = Release|Any CPU
		{8AEAFE45-B760-4548-B366-755816F7057C}.Release|x86.Build.0 = Release|Any CPU
		{0B382A10-1F87-49F9-8BE3-E80D949B798A}.Debug|Any CPU.ActiveCfg = Debug|Any CPU
		{0B382A10-1F87-49F9-8BE3-E80D949B798A}.Debug|Any CPU.Build.0 = Debug|Any CPU
		{0B382A10-1F87-49F9-8BE3-E80D949B798A}.Debug|x64.ActiveCfg = Debug|Any CPU
		{0B382A10-1F87-49F9-8BE3-E80D949B798A}.Debug|x64.Build.0 = Debug|Any CPU
		{0B382A10-1F87-49F9-8BE3-E80D949B798A}.Debug|x86.ActiveCfg = Debug|Any CPU
		{0B382A10-1F87-49F9-8BE3-E80D949B798A}.Debug|x86.Build.0 = Debug|Any CPU
		{0B382A10-1F87-49F9-8BE3-E80D949B798A}.Release|Any CPU.ActiveCfg = Release|Any CPU
		{0B382A10-1F87-49F9-8BE3-E80D949B798A}.Release|Any CPU.Build.0 = Release|Any CPU
		{0B382A10-1F87-49F9-8BE3-E80D949B798A}.Release|x64.ActiveCfg = Release|Any CPU
		{0B382A10-1F87-49F9-8BE3-E80D949B798A}.Release|x64.Build.0 = Release|Any CPU
		{0B382A10-1F87-49F9-8BE3-E80D949B798A}.Release|x86.ActiveCfg = Release|Any CPU
		{0B382A10-1F87-49F9-8BE3-E80D949B798A}.Release|x86.Build.0 = Release|Any CPU
	EndGlobalSection
EndGlobal
